<?xml version="1.0" encoding="utf-8"?>
<Project ToolsVersion="4.0" xmlns="http://schemas.microsoft.com/developer/msbuild/2003">
  <ItemGroup>
    <Filter Include="header">
      <UniqueIdentifier>{aa5ef0b0-0f40-4fa6-9be2-9acacf0ac53f}</UniqueIdentifier>
    </Filter>
    <Filter Include="source">
      <UniqueIdentifier>{0b4bc11b-9e10-46b5-bab7-8ebf1aed7519}</UniqueIdentifier>
    </Filter>
    <Filter Include="logic">
      <UniqueIdentifier>{8960082c-c8a3-4f24-9173-aee420ff0848}</UniqueIdentifier>
    </Filter>
  </ItemGroup>
  <ItemGroup>
    <ClCompile Include="main.cpp">
      <Filter>source</Filter>
    </ClCompile>
    <ClCompile Include="net\sock_stream.cpp" />
    <ClCompile Include="net\acceptor.cpp" />
    <ClCompile Include="net\epoll_poller.cpp" />
  </ItemGroup>
  <ItemGroup>
    <ClInclude Include="net\sock_stream.h" />
    <ClInclude Include="net\acceptor.h" />
    <ClInclude Include="net\poller.h" />
    <ClInclude Include="net\epoll_poller.h" />
  </ItemGroup>
</Project>